
Microsoft Visual Studio Solution File, Format Version 12.00
# Visual Studio Version 17
VisualStudioVersion = 17.7.34003.232
MinimumVisualStudioVersion = 10.0.40219.1
Project("{FAE04EC0-301F-11D3-BF4B-00C04F79EFBC}") = "StyleLink", "StyleLink\StyleLink.csproj", "{5D43A81A-DF20-45EF-BFA7-F11E8A899091}"
EndProject
Global
	GlobalSection(SolutionConfigurationPlatforms) = preSolution
		Debug|Any CPU = Debug|Any CPU
		Release|Any CPU = Release|Any CPU
	EndGlobalSection
	GlobalSection(ProjectConfigurationPlatforms) = postSolution
		{5D43A81A-DF20-45EF-BFA7-F11E8A899091}.Debug|Any CPU.ActiveCfg = Debug|Any CPU
		{5D43A81A-DF20-45EF-BFA7-F11E8A899091}.Debug|Any CPU.Build.0 = Debug|Any CPU
		{5D43A81A-DF20-45EF-BFA7-F11E8A899091}.Release|Any CPU.ActiveCfg = Release|Any CPU
		{5D43A81A-DF20-45EF-BFA7-F11E8A899091}.Release|Any CPU.Build.0 = Release|Any CPU
	EndGlobalSection
	GlobalSection(SolutionProperties) = preSolution
		HideSolutionNode = FALSE
	EndGlobalSection
	GlobalSection(ExtensibilityGlobals) = postSolution
		SolutionGuid = {61352389-C593-4C2E-A02E-E281E48C1260}
	EndGlobalSection
EndGlobal
